
Microsoft Visual Studio Solution File, Format Version 12.00
# Visual Studio 15
VisualStudioVersion = 15.0.27130.2027
MinimumVisualStudioVersion = 10.0.40219.1
Project("{FAE04EC0-301F-11D3-BF4B-00C04F79EFBC}") = "SiriusCRM.WebApi", "SiriusCRM.WebApi\SiriusCRM.WebApi.csproj", "{A6ACADC0-8F6C-4CA9-B353-C87C8EBCDFC2}"
EndProject
Project("{FAE04EC0-301F-11D3-BF4B-00C04F79EFBC}") = "SiriusCRM.Database", "SiriusCRM.Database\SiriusCRM.Database.csproj", "{76DF9AD5-30B6-492B-82EC-C83FDFD4F0F5}"
EndProject
Project("{FAE04EC0-301F-11D3-BF4B-00C04F79EFBC}") = "SiriusCRM.Abstractions", "SiriusCRM.Abstractions\SiriusCRM.Abstractions.csproj", "{A130831A-9F48-47D5-BEA7-FA318496487B}"
EndProject
Project("{FAE04EC0-301F-11D3-BF4B-00C04F79EFBC}") = "SiriusCRM.Application", "SiriusCRM.Application\SiriusCRM.Application.csproj", "{02FAE084-52D3-462F-801A-ED45CCBEE6D0}"
EndProject
Global
	GlobalSection(SolutionConfigurationPlatforms) = preSolution
		Debug|Any CPU = Debug|Any CPU
		Release|Any CPU = Release|Any CPU
	EndGlobalSection
	GlobalSection(ProjectConfigurationPlatforms) = postSolution
		{A6ACADC0-8F6C-4CA9-B353-C87C8EBCDFC2}.Debug|Any CPU.ActiveCfg = Debug|Any CPU
		{A6ACADC0-8F6C-4CA9-B353-C87C8EBCDFC2}.Debug|Any CPU.Build.0 = Debug|Any CPU
		{A6ACADC0-8F6C-4CA9-B353-C87C8EBCDFC2}.Release|Any CPU.ActiveCfg = Release|Any CPU
		{A6ACADC0-8F6C-4CA9-B353-C87C8EBCDFC2}.Release|Any CPU.Build.0 = Release|Any CPU
		{76DF9AD5-30B6-492B-82EC-C83FDFD4F0F5}.Debug|Any CPU.ActiveCfg = Debug|Any CPU
		{76DF9AD5-30B6-492B-82EC-C83FDFD4F0F5}.Debug|Any CPU.Build.0 = Debug|Any CPU
		{76DF9AD5-30B6-492B-82EC-C83FDFD4F0F5}.Release|Any CPU.ActiveCfg = Release|Any CPU
		{76DF9AD5-30B6-492B-82EC-C83FDFD4F0F5}.Release|Any CPU.Build.0 = Release|Any CPU
		{A130831A-9F48-47D5-BEA7-FA318496487B}.Debug|Any CPU.ActiveCfg = Debug|Any CPU
		{A130831A-9F48-47D5-BEA7-FA318496487B}.Debug|Any CPU.Build.0 = Debug|Any CPU
		{A130831A-9F48-47D5-BEA7-FA318496487B}.Release|Any CPU.ActiveCfg = Release|Any CPU
		{A130831A-9F48-47D5-BEA7-FA318496487B}.Release|Any CPU.Build.0 = Release|Any CPU
		{02FAE084-52D3-462F-801A-ED45CCBEE6D0}.Debug|Any CPU.ActiveCfg = Debug|Any CPU
		{02FAE084-52D3-462F-801A-ED45CCBEE6D0}.Debug|Any CPU.Build.0 = Debug|Any CPU
		{02FAE084-52D3-462F-801A-ED45CCBEE6D0}.Release|Any CPU.ActiveCfg = Release|Any CPU
		{02FAE084-52D3-462F-801A-ED45CCBEE6D0}.Release|Any CPU.Build.0 = Release|Any CPU
	EndGlobalSection
	GlobalSection(SolutionProperties) = preSolution
		HideSolutionNode = FALSE
	EndGlobalSection
	GlobalSection(ExtensibilityGlobals) = postSolution
		SolutionGuid = {A3143EE5-09DE-418F-971F-EBCE4AC32E67}
	EndGlobalSection
EndGlobal
